// !$*UTF8*$!
{
	archiveVersion = 1;
	classes = {
	};
	objectVersion = 70;
	objects = {

/* Begin PBXContainerItemProxy section */
		247220832DD955E6008E6606 /* PBXContainerItemProxy */ = {
			isa = PBXContainerItemProxy;
			containerPortal = 247220652DD955DF008E6606 /* Project object */;
			proxyType = 1;
			remoteGlobalIDString = 2472206C2DD955DF008E6606;
			remoteInfo = CosmicBrawler;
		};
		2472208D2DD955E7008E6606 /* PBXContainerItemProxy */ = {
			isa = PBXContainerItemProxy;
			containerPortal = 247220652DD955DF008E6606 /* Project object */;
			proxyType = 1;
			remoteGlobalIDString = 2472206C2DD955DF008E6606;
			remoteInfo = CosmicBrawler;
		};
/* End PBXContainerItemProxy section */

/* Begin PBXFileReference section */
		2472206D2DD955DF008E6606 /* CosmicBrawler.app */ = {isa = PBXFileReference; explicitFileType = wrapper.application; includeInIndex = 0; path = CosmicBrawler.app; sourceTree = BUILT_PRODUCTS_DIR; };
		247220822DD955E6008E6606 /* CosmicBrawlerTests.xctest */ = {isa = PBXFileReference; explicitFileType = wrapper.cfbundle; includeInIndex = 0; path = CosmicBrawlerTests.xctest; sourceTree = BUILT_PRODUCTS_DIR; };
		2472208C2DD955E7008E6606 /* CosmicBrawlerUITests.xctest */ = {isa = PBXFileReference; explicitFileType = wrapper.cfbundle; includeInIndex = 0; path = CosmicBrawlerUITests.xctest; sourceTree = BUILT_PRODUCTS_DIR; };
/* End PBXFileReference section */

/* Begin PBXFileSystemSynchronizedRootGroup section */
		2472206F2DD955DF008E6606 /* CosmicBrawler */ = {isa = PBXFileSystemSynchronizedRootGroup; explicitFileTypes = {}; explicitFolders = (); path = CosmicBrawler; sourceTree = "<group>"; };
		247220852DD955E6008E6606 /* CosmicBrawlerTests */ = {isa = PBXFileSystemSynchronizedRootGroup; explicitFileTypes = {}; explicitFolders = (); path = CosmicBrawlerTests; sourceTree = "<group>"; };
		2472208F2DD955E7008E6606 /* CosmicBrawlerUITests */ = {isa = PBXFileSystemSynchronizedRootGroup; explicitFileTypes = {}; explicitFolders = (); path = CosmicBrawlerUITests; sourceTree = "<group>"; };
/* End PBXFileSystemSynchronizedRootGroup section */

/* Begin PBXFrameworksBuildPhase section */
		2472206A2DD955DF008E6606 /* Frameworks */ = {
			isa = PBXFrameworksBuildPhase;
			buildActionMask = 2147483647;
			files = (
			);
			runOnlyForDeploymentPostprocessing = 0;
		};
		2472207F2DD955E6008E6606 /* Frameworks */ = {
			isa = PBXFrameworksBuildPhase;
			buildActionMask = 2147483647;
			files = (
			);
			runOnlyForDeploymentPostprocessing = 0;
		};
		247220892DD955E7008E6606 /* Frameworks */ = {
			isa = PBXFrameworksBuildPhase;
			buildActionMask = 2147483647;
			files = (
			);
			runOnlyForDeploymentPostprocessing = 0;
		};
/* End PBXFrameworksBuildPhase section */

/* Begin PBXGroup section */
		247220642DD955DF008E6606 = {
			isa = PBXGroup;
			children = (
				2472206F2DD955DF008E6606 /* CosmicBrawler */,
				247220852DD955E6008E6606 /* CosmicBrawlerTests */,
				2472208F2DD955E7008E6606 /* CosmicBrawlerUITests */,
				2472206E2DD955DF008E6606 /* Products */,
			);
			sourceTree = "<group>";
		};
		2472206E2DD955DF008E6606 /* Products */ = {
			isa = PBXGroup;
			children = (
				2472206D2DD955DF008E6606 /* CosmicBrawler.app */,
				247220822DD955E6008E6606 /* CosmicBrawlerTests.xctest */,
				2472208C2DD955E7008E6606 /* CosmicBrawlerUITests.xctest */,
			);
			name = Products;
			sourceTree = "<group>";
		};
/* End PBXGroup section */

/* Begin PBXNativeTarget section */
		2472206C2DD955DF008E6606 /* CosmicBrawler */ = {
			isa = PBXNativeTarget;
			buildConfigurationList = 247220962DD955E7008E6606 /* Build configuration list for PBXNativeTarget "CosmicBrawler" */;
			buildPhases = (
				247220692DD955DF008E6606 /* Sources */,
				2472206A2DD955DF008E6606 /* Frameworks */,
				2472206B2DD955DF008E6606 /* Resources */,
			);
			buildRules = (
			);
			dependencies = (
			);
			fileSystemSynchronizedGroups = (
				2472206F2DD955DF008E6606 /* CosmicBrawler */,
			);
			name = CosmicBrawler;
			packageProductDependencies = (
			);
			productName = CosmicBrawler;
			productReference = 2472206D2DD955DF008E6606 /* CosmicBrawler.app */;
			productType = "com.apple.product-type.application";
		};
		247220812DD955E6008E6606 /* CosmicBrawlerTests */ = {
			isa = PBXNativeTarget;
			buildConfigurationList = 247220992DD955E7008E6606 /* Build configuration list for PBXNativeTarget "CosmicBrawlerTests" */;
			buildPhases = (
				2472207E2DD955E6008E6606 /* Sources */,
				2472207F2DD955E6008E6606 /* Frameworks */,
				247220802DD955E6008E6606 /* Resources */,
			);
			buildRules = (
			);
			dependencies = (
				247220842DD955E6008E6606 /* PBXTargetDependency */,
			);
			fileSystemSynchronizedGroups = (
				247220852DD955E6008E6606 /* CosmicBrawlerTests */,
			);
			name = CosmicBrawlerTests;
			packageProductDependencies = (
			);
			productName = CosmicBrawlerTests;
			productReference = 247220822DD955E6008E6606 /* CosmicBrawlerTests.xctest */;
			productType = "com.apple.product-type.bundle.unit-test";
		};
		2472208B2DD955E7008E6606 /* CosmicBrawlerUITests */ = {
			isa = PBXNativeTarget;
			buildConfigurationList = 2472209C2DD955E7008E6606 /* Build configuration list for PBXNativeTarget "CosmicBrawlerUITests" */;
			buildPhases = (
				247220882DD955E7008E6606 /* Sources */,
				247220892DD955E7008E6606 /* Frameworks */,
				2472208A2DD955E7008E6606 /* Resources */,
			);
			buildRules = (
			);
			dependencies = (
				2472208E2DD955E7008E6606 /* PBXTargetDependency */,
			);
			fileSystemSynchronizedGroups = (
				2472208F2DD955E7008E6606 /* CosmicBrawlerUITests */,
			);
			name = CosmicBrawlerUITests;
			packageProductDependencies = (
			);
			productName = CosmicBrawlerUITests;
			productReference = 2472208C2DD955E7008E6606 /* CosmicBrawlerUITests.xctest */;
			productType = "com.apple.product-type.bundle.ui-testing";
		};
/* End PBXNativeTarget section */

/* Begin PBXProject section */
		247220652DD955DF008E6606 /* Project object */ = {
			isa = PBXProject;
			attributes = {
				BuildIndependentTargetsInParallel = 1;
				LastUpgradeCheck = 1630;
				TargetAttributes = {
					2472206C2DD955DF008E6606 = {
						CreatedOnToolsVersion = 16.3;
						LastSwiftMigration = 1630;
					};
					247220812DD955E6008E6606 = {
						CreatedOnToolsVersion = 16.3;
						TestTargetID = 2472206C2DD955DF008E6606;
					};
					2472208B2DD955E7008E6606 = {
						CreatedOnToolsVersion = 16.3;
						TestTargetID = 2472206C2DD955DF008E6606;
					};
				};
			};
			buildConfigurationList = 247220682DD955DF008E6606 /* Build configuration list for PBXProject "CosmicBrawler" */;
			compatibilityVersion = "Xcode 15.0";
			developmentRegion = en;
			hasScannedForEncodings = 0;
			knownRegions = (
				en,
				Base,
			);
			mainGroup = 247220642DD955DF008E6606;
			minimizedProjectReferenceProxies = 1;
			productRefGroup = 2472206E2DD955DF008E6606 /* Products */;
			projectDirPath = "";
			projectRoot = "";
			targets = (
				2472206C2DD955DF008E6606 /* CosmicBrawler */,
				247220812DD955E6008E6606 /* CosmicBrawlerTests */,
				2472208B2DD955E7008E6606 /* CosmicBrawlerUITests */,
			);
		};
/* End PBXProject section */

/* Begin PBXResourcesBuildPhase section */
		2472206B2DD955DF008E6606 /* Resources */ = {
			isa = PBXResourcesBuildPhase;
			buildActionMask = 2147483647;
			files = (
			);
			runOnlyForDeploymentPostprocessing = 0;
		};
		247220802DD955E6008E6606 /* Resources */ = {
			isa = PBXResourcesBuildPhase;
			buildActionMask = 2147483647;
			files = (
			);
			runOnlyForDeploymentPostprocessing = 0;
		};
		2472208A2DD955E7008E6606 /* Resources */ = {
			isa = PBXResourcesBuildPhase;
			buildActionMask = 2147483647;
			files = (
			);
			runOnlyForDeploymentPostprocessing = 0;
		};
/* End PBXResourcesBuildPhase section */

/* Begin PBXSourcesBuildPhase section */
		247220692DD955DF008E6606 /* Sources */ = {
			isa = PBXSourcesBuildPhase;
			buildActionMask = 2147483647;
			files = (
			);
			runOnlyForDeploymentPostprocessing = 0;
		};
		2472207E2DD955E6008E6606 /* Sources */ = {
			isa = PBXSourcesBuildPhase;
			buildActionMask = 2147483647;
			files = (
			);
			runOnlyForDeploymentPostprocessing = 0;
		};
		247220882DD955E7008E6606 /* Sources */ = {
			isa = PBXSourcesBuildPhase;
			buildActionMask = 2147483647;
			files = (
			);
			runOnlyForDeploymentPostprocessing = 0;
		};
/* End PBXSourcesBuildPhase section */

/* Begin PBXTargetDependency section */
		247220842DD955E6008E6606 /* PBXTargetDependency */ = {
			isa = PBXTargetDependency;
			target = 2472206C2DD955DF008E6606 /* CosmicBrawler */;
			targetProxy = 247220832DD955E6008E6606 /* PBXContainerItemProxy */;
		};
		2472208E2DD955E7008E6606 /* PBXTargetDependency */ = {
			isa = PBXTargetDependency;
			target = 2472206C2DD955DF008E6606 /* CosmicBrawler */;
			targetProxy = 2472208D2DD955E7008E6606 /* PBXContainerItemProxy */;
		};
/* End PBXTargetDependency section */

/* Begin XCBuildConfiguration section */
		247220942DD955E7008E6606 /* Debug */ = {
			isa = XCBuildConfiguration;
			buildSettings = {
				ALWAYS_SEARCH_USER_PATHS = NO;
				ASSETCATALOG_COMPILER_GENERATE_SWIFT_ASSET_SYMBOL_EXTENSIONS = YES;
				CLANG_ANALYZER_NONNULL = YES;
				CLANG_ANALYZER_NUMBER_OBJECT_CONVERSION = YES_AGGRESSIVE;
				CLANG_CXX_LANGUAGE_STANDARD = "gnu++20";
				CLANG_ENABLE_MODULES = YES;
				CLANG_ENABLE_OBJC_ARC = YES;
				CLANG_ENABLE_OBJC_WEAK = YES;
				CLANG_WARN_BLOCK_CAPTURE_AUTORELEASING = YES;
				CLANG_WARN_BOOL_CONVERSION = YES;
				CLANG_WARN_COMMA = YES;
				CLANG_WARN_CONSTANT_CONVERSION = YES;
				CLANG_WARN_DEPRECATED_OBJC_IMPLEMENTATIONS = YES;
				CLANG_WARN_DIRECT_OBJC_ISA_USAGE = YES_ERROR;
				CLANG_WARN_DOCUMENTATION_COMMENTS = YES;
				CLANG_WARN_EMPTY_BODY = YES;
				CLANG_WARN_ENUM_CONVERSION = YES;
				CLANG_WARN_INFINITE_RECURSION = YES;
				CLANG_WARN_INT_CONVERSION = YES;
				CLANG_WARN_NON_LITERAL_NULL_CONVERSION = YES;
				CLANG_WARN_OBJC_IMPLICIT_RETAIN_SELF = YES;
				CLANG_WARN_OBJC_LITERAL_CONVERSION = YES;
				CLANG_WARN_OBJC_ROOT_CLASS = YES_ERROR;
				CLANG_WARN_QUOTED_INCLUDE_IN_FRAMEWORK_HEADER = YES;
				CLANG_WARN_RANGE_LOOP_ANALYSIS = YES;
				CLANG_WARN_STRICT_PROTOTYPES = YES;
				CLANG_WARN_SUSPICIOUS_MOVE = YES;
				CLANG_WARN_UNGUARDED_AVAILABILITY = YES_AGGRESSIVE;
				CLANG_WARN_UNREACHABLE_CODE = YES;
				CLANG_WARN__DUPLICATE_METHOD_MATCH = YES;
				COPY_PHASE_STRIP = NO;
				DEBUG_INFORMATION_FORMAT = dwarf;
				DEVELOPMENT_TEAM = AQ5Q6V42ND;
				ENABLE_STRICT_OBJC_MSGSEND = YES;
				ENABLE_TESTABILITY = YES;
				ENABLE_USER_SCRIPT_SANDBOXING = YES;
				GCC_C_LANGUAGE_STANDARD = gnu17;
				GCC_DYNAMIC_NO_PIC = NO;
				GCC_NO_COMMON_BLOCKS = YES;
				GCC_OPTIMIZATION_LEVEL = 0;
				GCC_PREPROCESSOR_DEFINITIONS = (
					"DEBUG=1",
					"$(inherited)",
				);
				GCC_WARN_64_TO_32_BIT_CONVERSION = YES;
				GCC_WARN_ABOUT_RETURN_TYPE = YES_ERROR;
				GCC_WARN_UNDECLARED_SELECTOR = YES;
				GCC_WARN_UNINITIALIZED_AUTOS = YES_AGGRESSIVE;
				GCC_WARN_UNUSED_FUNCTION = YES;
				GCC_WARN_UNUSED_VARIABLE = YES;
				LOCALIZATION_PREFERS_STRING_CATALOGS = YES;
				MACOSX_DEPLOYMENT_TARGET = 15.4;
				MTL_ENABLE_DEBUG_INFO = INCLUDE_SOURCE;
				MTL_FAST_MATH = YES;
				ONLY_ACTIVE_ARCH = YES;
				SDKROOT = macosx;
			};
			name = Debug;
		};
		247220952DD955E7008E6606 /* Release */ = {
			isa = XCBuildConfiguration;
			buildSettings = {
				ALWAYS_SEARCH_USER_PATHS = NO;
				ASSETCATALOG_COMPILER_GENERATE_SWIFT_ASSET_SYMBOL_EXTENSIONS = YES;
				CLANG_ANALYZER_NONNULL = YES;
				CLANG_ANALYZER_NUMBER_OBJECT_CONVERSION = YES_AGGRESSIVE;
				CLANG_CXX_LANGUAGE_STANDARD = "gnu++20";
				CLANG_ENABLE_MODULES = YES;
				CLANG_ENABLE_OBJC_ARC = YES;
				CLANG_ENABLE_OBJC_WEAK = YES;
				CLANG_WARN_BLOCK_CAPTURE_AUTORELEASING = YES;
				CLANG_WARN_BOOL_CONVERSION = YES;
				CLANG_WARN_COMMA = YES;
				CLANG_WARN_CONSTANT_CONVERSION = YES;
				CLANG_WARN_DEPRECATED_OBJC_IMPLEMENTATIONS = YES;
				CLANG_WARN_DIRECT_OBJC_ISA_USAGE = YES_ERROR;
				CLANG_WARN_DOCUMENTATION_COMMENTS = YES;
				CLANG_WARN_EMPTY_BODY = YES;
				CLANG_WARN_ENUM_CONVERSION = YES;
				CLANG_WARN_INFINITE_RECURSION = YES;
				CLANG_WARN_INT_CONVERSION = YES;
				CLANG_WARN_NON_LITERAL_NULL_CONVERSION = YES;
				CLANG_WARN_OBJC_IMPLICIT_RETAIN_SELF = YES;
				CLANG_WARN_OBJC_LITERAL_CONVERSION = YES;
				CLANG_WARN_OBJC_ROOT_CLASS = YES_ERROR;
				CLANG_WARN_QUOTED_INCLUDE_IN_FRAMEWORK_HEADER = YES;
				CLANG_WARN_RANGE_LOOP_ANALYSIS = YES;
				CLANG_WARN_STRICT_PROTOTYPES = YES;
				CLANG_WARN_SUSPICIOUS_MOVE = YES;
				CLANG_WARN_UNGUARDED_AVAILABILITY = YES_AGGRESSIVE;
				CLANG_WARN_UNREACHABLE_CODE = YES;
				CLANG_WARN__DUPLICATE_METHOD_MATCH = YES;
				COPY_PHASE_STRIP = NO;
				DEBUG_INFORMATION_FORMAT = "dwarf-with-dsym";
				DEVELOPMENT_TEAM = AQ5Q6V42ND;
				ENABLE_NS_ASSERTIONS = NO;
				ENABLE_STRICT_OBJC_MSGSEND = YES;
				ENABLE_USER_SCRIPT_SANDBOXING = YES;
				GCC_C_LANGUAGE_STANDARD = gnu17;
				GCC_NO_COMMON_BLOCKS = YES;
				GCC_WARN_64_TO_32_BIT_CONVERSION = YES;
				GCC_WARN_ABOUT_RETURN_TYPE = YES_ERROR;
				GCC_WARN_UNDECLARED_SELECTOR = YES;
				GCC_WARN_UNINITIALIZED_AUTOS = YES_AGGRESSIVE;
				GCC_WARN_UNUSED_FUNCTION = YES;
				GCC_WARN_UNUSED_VARIABLE = YES;
				LOCALIZATION_PREFERS_STRING_CATALOGS = YES;
				MACOSX_DEPLOYMENT_TARGET = 15.4;
				MTL_ENABLE_DEBUG_INFO = NO;
				MTL_FAST_MATH = YES;
				SDKROOT = macosx;
			};
			name = Release;
		};
		247220972DD955E7008E6606 /* Debug */ = {
			isa = XCBuildConfiguration;
			buildSettings = {
				ASSETCATALOG_COMPILER_APPICON_NAME = AppIcon;
				ASSETCATALOG_COMPILER_GLOBAL_ACCENT_COLOR_NAME = AccentColor;
				CLANG_ENABLE_MODULES = YES;
				CODE_SIGN_ENTITLEMENTS = CosmicBrawler/CosmicBrawler.entitlements;
				CODE_SIGN_STYLE = Automatic;
				COMBINE_HIDPI_IMAGES = YES;
				CURRENT_PROJECT_VERSION = 1;
				DEVELOPMENT_TEAM = AQ5Q6V42ND;
				ENABLE_HARDENED_RUNTIME = YES;
				GENERATE_INFOPLIST_FILE = YES;
				INFOPLIST_KEY_CFBundleDisplayName = "";
				INFOPLIST_KEY_LSApplicationCategoryType = "public.app-category.games";
				INFOPLIST_KEY_NSHumanReadableCopyright = "";
				INFOPLIST_KEY_NSPrincipalClass = NSApplication;
				LD_RUNPATH_SEARCH_PATHS = (
					"$(inherited)",
					"@executable_path/../Frameworks",
				);
				MACOSX_DEPLOYMENT_TARGET = 11.5;
				MARKETING_VERSION = 1.0;
				PRODUCT_BUNDLE_IDENTIFIER = Cubefist.CosmicBrawler;
				PRODUCT_NAME = "$(TARGET_NAME)";
				REGISTER_APP_GROUPS = YES;
				SWIFT_EMIT_LOC_STRINGS = YES;
				SWIFT_OBJC_BRIDGING_HEADER = "CosmicBrawler/Splash/CosmicBrawler-Bridging-Header.h";
				SWIFT_OPTIMIZATION_LEVEL = "-Onone";
				SWIFT_VERSION = 6.0;
			};
			name = Debug;
		};
		247220982DD955E7008E6606 /* Release */ = {
			isa = XCBuildConfiguration;
			buildSettings = {
				ASSETCATALOG_COMPILER_APPICON_NAME = AppIcon;
				ASSETCATALOG_COMPILER_GLOBAL_ACCENT_COLOR_NAME = AccentColor;
				CLANG_ENABLE_MODULES = YES;
				CODE_SIGN_ENTITLEMENTS = CosmicBrawler/CosmicBrawler.entitlements;
				CODE_SIGN_STYLE = Automatic;
				COMBINE_HIDPI_IMAGES = YES;
				CURRENT_PROJECT_VERSION = 1;
				DEVELOPMENT_TEAM = AQ5Q6V42ND;
				ENABLE_HARDENED_RUNTIME = YES;
				GENERATE_INFOPLIST_FILE = YES;
				INFOPLIST_KEY_CFBundleDisplayName = "";
				INFOPLIST_KEY_LSApplicationCategoryType = "public.app-category.games";
				INFOPLIST_KEY_NSHumanReadableCopyright = "";
				INFOPLIST_KEY_NSPrincipalClass = NSApplication;
				LD_RUNPATH_SEARCH_PATHS = (
					"$(inherited)",
					"@executable_path/../Frameworks",
				);
				MACOSX_DEPLOYMENT_TARGET = 11.5;
				MARKETING_VERSION = 1.0;
				PRODUCT_BUNDLE_IDENTIFIER = Cubefist.CosmicBrawler;
				PRODUCT_NAME = "$(TARGET_NAME)";
				REGISTER_APP_GROUPS = YES;
				SWIFT_EMIT_LOC_STRINGS = YES;
				SWIFT_OBJC_BRIDGING_HEADER = "CosmicBrawler/Splash/CosmicBrawler-Bridging-Header.h";
				SWIFT_VERSION = 6.0;
			};
			name = Release;
		};
		2472209A2DD955E7008E6606 /* Debug */ = {
			isa = XCBuildConfiguration;
			buildSettings = {
				BUNDLE_LOADER = "$(TEST_HOST)";
				CODE_SIGN_STYLE = Automatic;
				CURRENT_PROJECT_VERSION = 1;
				DEVELOPMENT_TEAM = AQ5Q6V42ND;
				GENERATE_INFOPLIST_FILE = YES;
				MACOSX_DEPLOYMENT_TARGET = 15.4;
				MARKETING_VERSION = 1.0;
				PRODUCT_BUNDLE_IDENTIFIER = Cubefist.CosmicBrawlerTests;
				PRODUCT_NAME = "$(TARGET_NAME)";
				SWIFT_EMIT_LOC_STRINGS = NO;
				TEST_HOST = "$(BUILT_PRODUCTS_DIR)/CosmicBrawler.app/$(BUNDLE_EXECUTABLE_FOLDER_PATH)/CosmicBrawler";
			};
			name = Debug;
		};
		2472209B2DD955E7008E6606 /* Release */ = {
			isa = XCBuildConfiguration;
			buildSettings = {
				BUNDLE_LOADER = "$(TEST_HOST)";
				CODE_SIGN_STYLE = Automatic;
				CURRENT_PROJECT_VERSION = 1;
				DEVELOPMENT_TEAM = AQ5Q6V42ND;
				GENERATE_INFOPLIST_FILE = YES;
				MACOSX_DEPLOYMENT_TARGET = 15.4;
				MARKETING_VERSION = 1.0;
				PRODUCT_BUNDLE_IDENTIFIER = Cubefist.CosmicBrawlerTests;
				PRODUCT_NAME = "$(TARGET_NAME)";
				SWIFT_EMIT_LOC_STRINGS = NO;
				TEST_HOST = "$(BUILT_PRODUCTS_DIR)/CosmicBrawler.app/$(BUNDLE_EXECUTABLE_FOLDER_PATH)/CosmicBrawler";
			};
			name = Release;
		};
		2472209D2DD955E7008E6606 /* Debug */ = {
			isa = XCBuildConfiguration;
			buildSettings = {
				CODE_SIGN_STYLE = Automatic;
				CURRENT_PROJECT_VERSION = 1;
				DEVELOPMENT_TEAM = AQ5Q6V42ND;
				GENERATE_INFOPLIST_FILE = YES;
				MARKETING_VERSION = 1.0;
				PRODUCT_BUNDLE_IDENTIFIER = Cubefist.CosmicBrawlerUITests;
				PRODUCT_NAME = "$(TARGET_NAME)";
				SWIFT_EMIT_LOC_STRINGS = NO;
				TEST_TARGET_NAME = CosmicBrawler;
			};
			name = Debug;
		};
		2472209E2DD955E7008E6606 /* Release */ = {
			isa = XCBuildConfiguration;
			buildSettings = {
				CODE_SIGN_STYLE = Automatic;
				CURRENT_PROJECT_VERSION = 1;
				DEVELOPMENT_TEAM = AQ5Q6V42ND;
				GENERATE_INFOPLIST_FILE = YES;
				MARKETING_VERSION = 1.0;
				PRODUCT_BUNDLE_IDENTIFIER = Cubefist.CosmicBrawlerUITests;
				PRODUCT_NAME = "$(TARGET_NAME)";
				SWIFT_EMIT_LOC_STRINGS = NO;
				TEST_TARGET_NAME = CosmicBrawler;
			};
			name = Release;
		};
/* End XCBuildConfiguration section */

/* Begin XCConfigurationList section */
		247220682DD955DF008E6606 /* Build configuration list for PBXProject "CosmicBrawler" */ = {
			isa = XCConfigurationList;
			buildConfigurations = (
				247220942DD955E7008E6606 /* Debug */,
				247220952DD955E7008E6606 /* Release */,
			);
			defaultConfigurationIsVisible = 0;
			defaultConfigurationName = Release;
		};
		247220962DD955E7008E6606 /* Build configuration list for PBXNativeTarget "CosmicBrawler" */ = {
			isa = XCConfigurationList;
			buildConfigurations = (
				247220972DD955E7008E6606 /* Debug */,
				247220982DD955E7008E6606 /* Release */,
			);
			defaultConfigurationIsVisible = 0;
			defaultConfigurationName = Release;
		};
		247220992DD955E7008E6606 /* Build configuration list for PBXNativeTarget "CosmicBrawlerTests" */ = {
			isa = XCConfigurationList;
			buildConfigurations = (
				2472209A2DD955E7008E6606 /* Debug */,
				2472209B2DD955E7008E6606 /* Release */,
			);
			defaultConfigurationIsVisible = 0;
			defaultConfigurationName = Release;
		};
		2472209C2DD955E7008E6606 /* Build configuration list for PBXNativeTarget "CosmicBrawlerUITests" */ = {
			isa = XCConfigurationList;
			buildConfigurations = (
				2472209D2DD955E7008E6606 /* Debug */,
				2472209E2DD955E7008E6606 /* Release */,
			);
			defaultConfigurationIsVisible = 0;
			defaultConfigurationName = Release;
		};
/* End XCConfigurationList section */
	};
	rootObject = 247220652DD955DF008E6606 /* Project object */;
}
